
Microsoft Visual Studio Solution File, Format Version 12.00
# Visual Studio Version 17
VisualStudioVersion = 17.3.32922.545
MinimumVisualStudioVersion = 10.0.40219.1
Project("{9A19103F-16F7-4668-BE54-9A1E7A4F7556}") = "GameServerManager.Server", "GameServerManager\Server\GameServerManager.Server.csproj", "{31447849-C6DA-4988-A857-BC182CB9C4A0}"
EndProject
Project("{9A19103F-16F7-4668-BE54-9A1E7A4F7556}") = "GameServerManager.Client", "GameServerManager\Client\GameServerManager.Client.csproj", "{630CC64E-349C-42BB-A007-D24D2B9F0DF6}"
EndProject
Project("{9A19103F-16F7-4668-BE54-9A1E7A4F7556}") = "GameServerManager.Shared", "GameServerManager\Shared\GameServerManager.Shared.csproj", "{6FBFF571-1DAC-471E-8D42-DA7FCD4C0E16}"
EndProject
Project("{9A19103F-16F7-4668-BE54-9A1E7A4F7556}") = "GameServerManager.Server.Tests", "GameServerManager\Server.Tests\GameServerManager.Server.Tests.csproj", "{CC44A523-E2F3-4CC1-86EA-24A4FE99D339}"
EndProject
Global
	GlobalSection(SolutionConfigurationPlatforms) = preSolution
		Debug|Any CPU = Debug|Any CPU
		Release|Any CPU = Release|Any CPU
	EndGlobalSection
	GlobalSection(ProjectConfigurationPlatforms) = postSolution
		{31447849-C6DA-4988-A857-BC182CB9C4A0}.Debug|Any CPU.ActiveCfg = Debug|Any CPU
		{31447849-C6DA-4988-A857-BC182CB9C4A0}.Debug|Any CPU.Build.0 = Debug|Any CPU
		{31447849-C6DA-4988-A857-BC182CB9C4A0}.Release|Any CPU.ActiveCfg = Release|Any CPU
		{31447849-C6DA-4988-A857-BC182CB9C4A0}.Release|Any CPU.Build.0 = Release|Any CPU
		{630CC64E-349C-42BB-A007-D24D2B9F0DF6}.Debug|Any CPU.ActiveCfg = Debug|Any CPU
		{630CC64E-349C-42BB-A007-D24D2B9F0DF6}.Debug|Any CPU.Build.0 = Debug|Any CPU
		{630CC64E-349C-42BB-A007-D24D2B9F0DF6}.Release|Any CPU.ActiveCfg = Release|Any CPU
		{630CC64E-349C-42BB-A007-D24D2B9F0DF6}.Release|Any CPU.Build.0 = Release|Any CPU
		{6FBFF571-1DAC-471E-8D42-DA7FCD4C0E16}.Debug|Any CPU.ActiveCfg = Debug|Any CPU
		{6FBFF571-1DAC-471E-8D42-DA7FCD4C0E16}.Debug|Any CPU.Build.0 = Debug|Any CPU
		{6FBFF571-1DAC-471E-8D42-DA7FCD4C0E16}.Release|Any CPU.ActiveCfg = Release|Any CPU
		{6FBFF571-1DAC-471E-8D42-DA7FCD4C0E16}.Release|Any CPU.Build.0 = Release|Any CPU
		{CC44A523-E2F3-4CC1-86EA-24A4FE99D339}.Debug|Any CPU.ActiveCfg = Debug|Any CPU
		{CC44A523-E2F3-4CC1-86EA-24A4FE99D339}.Debug|Any CPU.Build.0 = Debug|Any CPU
		{CC44A523-E2F3-4CC1-86EA-24A4FE99D339}.Release|Any CPU.ActiveCfg = Release|Any CPU
		{CC44A523-E2F3-4CC1-86EA-24A4FE99D339}.Release|Any CPU.Build.0 = Release|Any CPU
	EndGlobalSection
	GlobalSection(SolutionProperties) = preSolution
		HideSolutionNode = FALSE
	EndGlobalSection
	GlobalSection(ExtensibilityGlobals) = postSolution
		SolutionGuid = {D33B98C2-FEB4-427D-9C3F-CF89D33BDAFE}
	EndGlobalSection
EndGlobal
